
Microsoft Visual Studio Solution File, Format Version 12.00
# Visual Studio Version 17
VisualStudioVersion = 17.14.36518.9
MinimumVisualStudioVersion = 10.0.40219.1
Project("{FAE04EC0-301F-11D3-BF4B-00C04F79EFBC}") = "PoddProjektV3.2", "PoddProjektV3.2\PoddProjektV3.2.csproj", "{65236D28-F6D5-4783-99B0-509EDA16B29B}"
EndProject
Project("{FAE04EC0-301F-11D3-BF4B-00C04F79EFBC}") = "BL", "BL\BL.csproj", "{161216E5-D8BD-46ED-85A8-47424495C1D3}"
EndProject
Project("{FAE04EC0-301F-11D3-BF4B-00C04F79EFBC}") = "PL", "PL\PL.csproj", "{2E9B765C-FCCC-485A-B68B-C05B9E420198}"
EndProject
Project("{FAE04EC0-301F-11D3-BF4B-00C04F79EFBC}") = "DAL", "DAL\DAL.csproj", "{4BAC922D-93EA-46E9-A890-42C6D7E5749A}"
EndProject
Project("{FAE04EC0-301F-11D3-BF4B-00C04F79EFBC}") = "Models", "Models\Models.csproj", "{C32A9812-16CE-4BAD-9BDD-FC497655057F}"
EndProject
Global
	GlobalSection(SolutionConfigurationPlatforms) = preSolution
		Debug|Any CPU = Debug|Any CPU
		Release|Any CPU = Release|Any CPU
	EndGlobalSection
	GlobalSection(ProjectConfigurationPlatforms) = postSolution
		{65236D28-F6D5-4783-99B0-509EDA16B29B}.Debug|Any CPU.ActiveCfg = Debug|Any CPU
		{65236D28-F6D5-4783-99B0-509EDA16B29B}.Debug|Any CPU.Build.0 = Debug|Any CPU
		{65236D28-F6D5-4783-99B0-509EDA16B29B}.Release|Any CPU.ActiveCfg = Release|Any CPU
		{65236D28-F6D5-4783-99B0-509EDA16B29B}.Release|Any CPU.Build.0 = Release|Any CPU
		{161216E5-D8BD-46ED-85A8-47424495C1D3}.Debug|Any CPU.ActiveCfg = Debug|Any CPU
		{161216E5-D8BD-46ED-85A8-47424495C1D3}.Debug|Any CPU.Build.0 = Debug|Any CPU
		{161216E5-D8BD-46ED-85A8-47424495C1D3}.Release|Any CPU.ActiveCfg = Release|Any CPU
		{161216E5-D8BD-46ED-85A8-47424495C1D3}.Release|Any CPU.Build.0 = Release|Any CPU
		{2E9B765C-FCCC-485A-B68B-C05B9E420198}.Debug|Any CPU.ActiveCfg = Debug|Any CPU
		{2E9B765C-FCCC-485A-B68B-C05B9E420198}.Debug|Any CPU.Build.0 = Debug|Any CPU
		{2E9B765C-FCCC-485A-B68B-C05B9E420198}.Release|Any CPU.ActiveCfg = Release|Any CPU
		{2E9B765C-FCCC-485A-B68B-C05B9E420198}.Release|Any CPU.Build.0 = Release|Any CPU
		{4BAC922D-93EA-46E9-A890-42C6D7E5749A}.Debug|Any CPU.ActiveCfg = Debug|Any CPU
		{4BAC922D-93EA-46E9-A890-42C6D7E5749A}.Debug|Any CPU.Build.0 = Debug|Any CPU
		{4BAC922D-93EA-46E9-A890-42C6D7E5749A}.Release|Any CPU.ActiveCfg = Release|Any CPU
		{4BAC922D-93EA-46E9-A890-42C6D7E5749A}.Release|Any CPU.Build.0 = Release|Any CPU
		{C32A9812-16CE-4BAD-9BDD-FC497655057F}.Debug|Any CPU.ActiveCfg = Debug|Any CPU
		{C32A9812-16CE-4BAD-9BDD-FC497655057F}.Debug|Any CPU.Build.0 = Debug|Any CPU
		{C32A9812-16CE-4BAD-9BDD-FC497655057F}.Release|Any CPU.ActiveCfg = Release|Any CPU
		{C32A9812-16CE-4BAD-9BDD-FC497655057F}.Release|Any CPU.Build.0 = Release|Any CPU
	EndGlobalSection
	GlobalSection(SolutionProperties) = preSolution
		HideSolutionNode = FALSE
	EndGlobalSection
	GlobalSection(ExtensibilityGlobals) = postSolution
		SolutionGuid = {28B49BCC-44C4-454F-95BA-2CA66A6ADF58}
	EndGlobalSection
EndGlobal
