
Microsoft Visual Studio Solution File, Format Version 12.00
# Visual Studio Version 17
VisualStudioVersion = 17.14.36518.9 d17.14
MinimumVisualStudioVersion = 10.0.40219.1
Project("{FAE04EC0-301F-11D3-BF4B-00C04F79EFBC}") = "PoddProjektV3.2", "PoddProjektV3.2\PoddProjektV3.2.csproj", "{65236D28-F6D5-4783-99B0-509EDA16B29B}"
EndProject
Global
	GlobalSection(SolutionConfigurationPlatforms) = preSolution
		Debug|Any CPU = Debug|Any CPU
		Release|Any CPU = Release|Any CPU
	EndGlobalSection
	GlobalSection(ProjectConfigurationPlatforms) = postSolution
		{65236D28-F6D5-4783-99B0-509EDA16B29B}.Debug|Any CPU.ActiveCfg = Debug|Any CPU
		{65236D28-F6D5-4783-99B0-509EDA16B29B}.Debug|Any CPU.Build.0 = Debug|Any CPU
		{65236D28-F6D5-4783-99B0-509EDA16B29B}.Release|Any CPU.ActiveCfg = Release|Any CPU
		{65236D28-F6D5-4783-99B0-509EDA16B29B}.Release|Any CPU.Build.0 = Release|Any CPU
	EndGlobalSection
	GlobalSection(SolutionProperties) = preSolution
		HideSolutionNode = FALSE
	EndGlobalSection
	GlobalSection(ExtensibilityGlobals) = postSolution
		SolutionGuid = {28B49BCC-44C4-454F-95BA-2CA66A6ADF58}
	EndGlobalSection
EndGlobal
